{
  "name": "lumia-plugin-user_commands",
  "version": "1.0.0",
  "lockfileVersion": 3,
  "requires": true,
  "packages": {
    "": {
      "name": "lumia-plugin-user_commands",
      "version": "1.0.0",
      "dependencies": {
        "@lumiastream/plugin": "^0.2.9"
      },
      "devDependencies": {
        "typescript": "^5.3.0"
      }
    },
    "node_modules/@lumiastream/plugin": {
      "version": "0.2.9",
      "resolved": "https://registry.npmjs.org/@lumiastream/plugin/-/plugin-0.2.9.tgz",
      "integrity": "sha512-HP+G6JUbSh7JvKbg5I90rrJBNV+HujlHvkAE6dndOhRJ0jZxQNPP9WFfhTEJb7KCQILZKaAHyDLBYmuVVPY0AA==",
      "license": "MIT"
    },
    "node_modules/typescript": {
      "version": "5.9.3",
      "resolved": "https://registry.npmjs.org/typescript/-/typescript-5.9.3.tgz",
      "integrity": "sha512-jl1vZzPDinLr9eUt3J/t7V6FgNEw9QjvBPdysz9KfQDD41fQrC2Y4vKQdiaUpFT4bXlb1RHhLpp8wtm6M5TgSw==",
      "dev": true,
      "license": "Apache-2.0",
      "bin": {
        "tsc": "bin/tsc",
        "tsserver": "bin/tsserver"
      },
      "engines": {
        "node": ">=14.17"
      }
    }
  }
}
